
Microsoft Visual Studio Solution File, Format Version 12.00
# Visual Studio 15
VisualStudioVersion = 15.0.26228.102
MinimumVisualStudioVersion = 10.0.40219.1
Project("{F184B08F-C81C-45F6-A57F-5ABD9991F28F}") = "NotusExpressDavivienda", "NotusExpress\NotusExpressDavivienda.vbproj", "{9EFFE54E-7E24-4242-82B2-D16F2ACB54DD}"
EndProject
Project("{F184B08F-C81C-45F6-A57F-5ABD9991F28F}") = "NotusExpressBusinessLayer", "NotusExpressBusinessLayer\NotusExpressBusinessLayer.vbproj", "{FC7F844C-8506-4DE5-96C3-120E31A6A74E}"
EndProject
Project("{F184B08F-C81C-45F6-A57F-5ABD9991F28F}") = "NotusExpressWebMobile", "NotusExpressWebMovil\NotusExpressWebMobile.vbproj", "{8DB34890-8FC9-4417-8E90-4F08688B16CF}"
EndProject
Project("{F184B08F-C81C-45F6-A57F-5ABD9991F28F}") = "EncryptionClassLibrary", "..\..\..\..\LibreriasClase\CodigoFuente\Base\EncryptionClassLibrary\EncryptionClassLibrary\EncryptionClassLibrary.vbproj", "{693142D6-C97B-42F8-80F8-4481B5BE652F}"
EndProject
Project("{F184B08F-C81C-45F6-A57F-5ABD9991F28F}") = "LMDataAccessLayer", "..\..\..\..\LibreriasClase\CodigoFuente\Base\LMDataAccessLayer\LMDataAccessLayer.vbproj", "{0EFBDBDB-3186-4E90-B167-F794D9F6D1DB}"
EndProject
Project("{F184B08F-C81C-45F6-A57F-5ABD9991F28F}") = "LMMailSenderLibrary", "..\..\..\..\LibreriasClase\CodigoFuente\Base\LMMailSenderLibrary\LMMailSenderLibrary\LMMailSenderLibrary.vbproj", "{31EED092-6E89-4677-B409-24E299F778F5}"
EndProject
Project("{F184B08F-C81C-45F6-A57F-5ABD9991F28F}") = "NotificacionEventos", "..\..\..\..\LibreriasClase\CodigoFuente\Base\NotificacionEventos\NotificacionEventos\NotificacionEventos.vbproj", "{2516DEBC-A744-46D7-A89B-A86CE73F92AC}"
EndProject
Project("{F184B08F-C81C-45F6-A57F-5ABD9991F28F}") = "LoginLm.Datos", "..\..\..\..\LoginLM\CodigoFuente\Base\LoginLM\LoginLm.Datos\LoginLm.Datos.vbproj", "{5B0B2E1A-A191-461A-A2E3-81CD02C821BC}"
EndProject
Project("{F184B08F-C81C-45F6-A57F-5ABD9991F28F}") = "LoginLm.BusinessLayer", "..\..\..\..\LoginLM\CodigoFuente\Base\LoginLM\LoginLmBusinessLayer\LoginLm.BusinessLayer.vbproj", "{C637AF0F-4A48-4280-BAB6-BC62E6158AB6}"
EndProject
Project("{F184B08F-C81C-45F6-A57F-5ABD9991F28F}") = "LMDataAccesLogin", "..\..\..\..\LoginLM\CodigoFuente\Base\LoginLM\LMDataAccesLogin\LMDataAccesLogin.vbproj", "{5A4FBD87-44E5-46F1-B161-8ABF024F1DF7}"
EndProject
Global
	GlobalSection(SolutionConfigurationPlatforms) = preSolution
		Debug|Any CPU = Debug|Any CPU
		Debug|x64 = Debug|x64
		Debug|x86 = Debug|x86
		Release|Any CPU = Release|Any CPU
		Release|x64 = Release|x64
		Release|x86 = Release|x86
	EndGlobalSection
	GlobalSection(ProjectConfigurationPlatforms) = postSolution
		{9EFFE54E-7E24-4242-82B2-D16F2ACB54DD}.Debug|Any CPU.ActiveCfg = Debug|Any CPU
		{9EFFE54E-7E24-4242-82B2-D16F2ACB54DD}.Debug|Any CPU.Build.0 = Debug|Any CPU
		{9EFFE54E-7E24-4242-82B2-D16F2ACB54DD}.Debug|x64.ActiveCfg = Debug|x64
		{9EFFE54E-7E24-4242-82B2-D16F2ACB54DD}.Debug|x64.Build.0 = Debug|x64
		{9EFFE54E-7E24-4242-82B2-D16F2ACB54DD}.Debug|x86.ActiveCfg = Debug|Any CPU
		{9EFFE54E-7E24-4242-82B2-D16F2ACB54DD}.Debug|x86.Build.0 = Debug|Any CPU
		{9EFFE54E-7E24-4242-82B2-D16F2ACB54DD}.Release|Any CPU.ActiveCfg = Release|Any CPU
		{9EFFE54E-7E24-4242-82B2-D16F2ACB54DD}.Release|Any CPU.Build.0 = Release|Any CPU
		{9EFFE54E-7E24-4242-82B2-D16F2ACB54DD}.Release|x64.ActiveCfg = Release|x64
		{9EFFE54E-7E24-4242-82B2-D16F2ACB54DD}.Release|x64.Build.0 = Release|x64
		{9EFFE54E-7E24-4242-82B2-D16F2ACB54DD}.Release|x86.ActiveCfg = Release|x86
		{9EFFE54E-7E24-4242-82B2-D16F2ACB54DD}.Release|x86.Build.0 = Release|x86
		{FC7F844C-8506-4DE5-96C3-120E31A6A74E}.Debug|Any CPU.ActiveCfg = Debug|Any CPU
		{FC7F844C-8506-4DE5-96C3-120E31A6A74E}.Debug|Any CPU.Build.0 = Debug|Any CPU
		{FC7F844C-8506-4DE5-96C3-120E31A6A74E}.Debug|x64.ActiveCfg = Debug|Any CPU
		{FC7F844C-8506-4DE5-96C3-120E31A6A74E}.Debug|x64.Build.0 = Debug|Any CPU
		{FC7F844C-8506-4DE5-96C3-120E31A6A74E}.Debug|x86.ActiveCfg = Debug|Any CPU
		{FC7F844C-8506-4DE5-96C3-120E31A6A74E}.Debug|x86.Build.0 = Debug|Any CPU
		{FC7F844C-8506-4DE5-96C3-120E31A6A74E}.Release|Any CPU.ActiveCfg = Release|Any CPU
		{FC7F844C-8506-4DE5-96C3-120E31A6A74E}.Release|Any CPU.Build.0 = Release|Any CPU
		{FC7F844C-8506-4DE5-96C3-120E31A6A74E}.Release|x64.ActiveCfg = Release|Any CPU
		{FC7F844C-8506-4DE5-96C3-120E31A6A74E}.Release|x64.Build.0 = Release|Any CPU
		{FC7F844C-8506-4DE5-96C3-120E31A6A74E}.Release|x86.ActiveCfg = Release|Any CPU
		{FC7F844C-8506-4DE5-96C3-120E31A6A74E}.Release|x86.Build.0 = Release|Any CPU
		{8DB34890-8FC9-4417-8E90-4F08688B16CF}.Debug|Any CPU.ActiveCfg = Debug|Any CPU
		{8DB34890-8FC9-4417-8E90-4F08688B16CF}.Debug|Any CPU.Build.0 = Debug|Any CPU
		{8DB34890-8FC9-4417-8E90-4F08688B16CF}.Debug|x64.ActiveCfg = Debug|Any CPU
		{8DB34890-8FC9-4417-8E90-4F08688B16CF}.Debug|x64.Build.0 = Debug|Any CPU
		{8DB34890-8FC9-4417-8E90-4F08688B16CF}.Debug|x86.ActiveCfg = Debug|Any CPU
		{8DB34890-8FC9-4417-8E90-4F08688B16CF}.Debug|x86.Build.0 = Debug|Any CPU
		{8DB34890-8FC9-4417-8E90-4F08688B16CF}.Release|Any CPU.ActiveCfg = Release|Any CPU
		{8DB34890-8FC9-4417-8E90-4F08688B16CF}.Release|x64.ActiveCfg = Release|Any CPU
		{8DB34890-8FC9-4417-8E90-4F08688B16CF}.Release|x64.Build.0 = Release|Any CPU
		{8DB34890-8FC9-4417-8E90-4F08688B16CF}.Release|x86.ActiveCfg = Release|Any CPU
		{8DB34890-8FC9-4417-8E90-4F08688B16CF}.Release|x86.Build.0 = Release|Any CPU
		{693142D6-C97B-42F8-80F8-4481B5BE652F}.Debug|Any CPU.ActiveCfg = Debug|Any CPU
		{693142D6-C97B-42F8-80F8-4481B5BE652F}.Debug|Any CPU.Build.0 = Debug|Any CPU
		{693142D6-C97B-42F8-80F8-4481B5BE652F}.Debug|x64.ActiveCfg = Debug|Any CPU
		{693142D6-C97B-42F8-80F8-4481B5BE652F}.Debug|x64.Build.0 = Debug|Any CPU
		{693142D6-C97B-42F8-80F8-4481B5BE652F}.Debug|x86.ActiveCfg = Debug|Any CPU
		{693142D6-C97B-42F8-80F8-4481B5BE652F}.Debug|x86.Build.0 = Debug|Any CPU
		{693142D6-C97B-42F8-80F8-4481B5BE652F}.Release|Any CPU.ActiveCfg = Release|Any CPU
		{693142D6-C97B-42F8-80F8-4481B5BE652F}.Release|Any CPU.Build.0 = Release|Any CPU
		{693142D6-C97B-42F8-80F8-4481B5BE652F}.Release|x64.ActiveCfg = Release|Any CPU
		{693142D6-C97B-42F8-80F8-4481B5BE652F}.Release|x64.Build.0 = Release|Any CPU
		{693142D6-C97B-42F8-80F8-4481B5BE652F}.Release|x86.ActiveCfg = Release|x86
		{693142D6-C97B-42F8-80F8-4481B5BE652F}.Release|x86.Build.0 = Release|x86
		{0EFBDBDB-3186-4E90-B167-F794D9F6D1DB}.Debug|Any CPU.ActiveCfg = Debug|Any CPU
		{0EFBDBDB-3186-4E90-B167-F794D9F6D1DB}.Debug|Any CPU.Build.0 = Debug|Any CPU
		{0EFBDBDB-3186-4E90-B167-F794D9F6D1DB}.Debug|x64.ActiveCfg = Debug|Any CPU
		{0EFBDBDB-3186-4E90-B167-F794D9F6D1DB}.Debug|x64.Build.0 = Debug|Any CPU
		{0EFBDBDB-3186-4E90-B167-F794D9F6D1DB}.Debug|x86.ActiveCfg = Debug|Any CPU
		{0EFBDBDB-3186-4E90-B167-F794D9F6D1DB}.Debug|x86.Build.0 = Debug|Any CPU
		{0EFBDBDB-3186-4E90-B167-F794D9F6D1DB}.Release|Any CPU.ActiveCfg = Release|Any CPU
		{0EFBDBDB-3186-4E90-B167-F794D9F6D1DB}.Release|Any CPU.Build.0 = Release|Any CPU
		{0EFBDBDB-3186-4E90-B167-F794D9F6D1DB}.Release|x64.ActiveCfg = Release|Any CPU
		{0EFBDBDB-3186-4E90-B167-F794D9F6D1DB}.Release|x64.Build.0 = Release|Any CPU
		{0EFBDBDB-3186-4E90-B167-F794D9F6D1DB}.Release|x86.ActiveCfg = Release|x86
		{0EFBDBDB-3186-4E90-B167-F794D9F6D1DB}.Release|x86.Build.0 = Release|x86
		{31EED092-6E89-4677-B409-24E299F778F5}.Debug|Any CPU.ActiveCfg = Debug|Any CPU
		{31EED092-6E89-4677-B409-24E299F778F5}.Debug|Any CPU.Build.0 = Debug|Any CPU
		{31EED092-6E89-4677-B409-24E299F778F5}.Debug|x64.ActiveCfg = Debug|Any CPU
		{31EED092-6E89-4677-B409-24E299F778F5}.Debug|x64.Build.0 = Debug|Any CPU
		{31EED092-6E89-4677-B409-24E299F778F5}.Debug|x86.ActiveCfg = Debug|Any CPU
		{31EED092-6E89-4677-B409-24E299F778F5}.Debug|x86.Build.0 = Debug|Any CPU
		{31EED092-6E89-4677-B409-24E299F778F5}.Release|Any CPU.ActiveCfg = Release|Any CPU
		{31EED092-6E89-4677-B409-24E299F778F5}.Release|Any CPU.Build.0 = Release|Any CPU
		{31EED092-6E89-4677-B409-24E299F778F5}.Release|x64.ActiveCfg = Release|Any CPU
		{31EED092-6E89-4677-B409-24E299F778F5}.Release|x64.Build.0 = Release|Any CPU
		{31EED092-6E89-4677-B409-24E299F778F5}.Release|x86.ActiveCfg = Release|x86
		{31EED092-6E89-4677-B409-24E299F778F5}.Release|x86.Build.0 = Release|x86
		{2516DEBC-A744-46D7-A89B-A86CE73F92AC}.Debug|Any CPU.ActiveCfg = Debug|Any CPU
		{2516DEBC-A744-46D7-A89B-A86CE73F92AC}.Debug|Any CPU.Build.0 = Debug|Any CPU
		{2516DEBC-A744-46D7-A89B-A86CE73F92AC}.Debug|x64.ActiveCfg = Debug|Any CPU
		{2516DEBC-A744-46D7-A89B-A86CE73F92AC}.Debug|x64.Build.0 = Debug|Any CPU
		{2516DEBC-A744-46D7-A89B-A86CE73F92AC}.Debug|x86.ActiveCfg = Debug|Any CPU
		{2516DEBC-A744-46D7-A89B-A86CE73F92AC}.Debug|x86.Build.0 = Debug|Any CPU
		{2516DEBC-A744-46D7-A89B-A86CE73F92AC}.Release|Any CPU.ActiveCfg = Release|Any CPU
		{2516DEBC-A744-46D7-A89B-A86CE73F92AC}.Release|Any CPU.Build.0 = Release|Any CPU
		{2516DEBC-A744-46D7-A89B-A86CE73F92AC}.Release|x64.ActiveCfg = Release|Any CPU
		{2516DEBC-A744-46D7-A89B-A86CE73F92AC}.Release|x64.Build.0 = Release|Any CPU
		{2516DEBC-A744-46D7-A89B-A86CE73F92AC}.Release|x86.ActiveCfg = Release|x86
		{2516DEBC-A744-46D7-A89B-A86CE73F92AC}.Release|x86.Build.0 = Release|x86
		{5B0B2E1A-A191-461A-A2E3-81CD02C821BC}.Debug|Any CPU.ActiveCfg = Debug|Any CPU
		{5B0B2E1A-A191-461A-A2E3-81CD02C821BC}.Debug|Any CPU.Build.0 = Debug|Any CPU
		{5B0B2E1A-A191-461A-A2E3-81CD02C821BC}.Debug|x64.ActiveCfg = Debug|Any CPU
		{5B0B2E1A-A191-461A-A2E3-81CD02C821BC}.Debug|x64.Build.0 = Debug|Any CPU
		{5B0B2E1A-A191-461A-A2E3-81CD02C821BC}.Debug|x86.ActiveCfg = Debug|Any CPU
		{5B0B2E1A-A191-461A-A2E3-81CD02C821BC}.Debug|x86.Build.0 = Debug|Any CPU
		{5B0B2E1A-A191-461A-A2E3-81CD02C821BC}.Release|Any CPU.ActiveCfg = Release|Any CPU
		{5B0B2E1A-A191-461A-A2E3-81CD02C821BC}.Release|Any CPU.Build.0 = Release|Any CPU
		{5B0B2E1A-A191-461A-A2E3-81CD02C821BC}.Release|x64.ActiveCfg = Release|Any CPU
		{5B0B2E1A-A191-461A-A2E3-81CD02C821BC}.Release|x64.Build.0 = Release|Any CPU
		{5B0B2E1A-A191-461A-A2E3-81CD02C821BC}.Release|x86.ActiveCfg = Release|Any CPU
		{5B0B2E1A-A191-461A-A2E3-81CD02C821BC}.Release|x86.Build.0 = Release|Any CPU
		{C637AF0F-4A48-4280-BAB6-BC62E6158AB6}.Debug|Any CPU.ActiveCfg = Debug|Any CPU
		{C637AF0F-4A48-4280-BAB6-BC62E6158AB6}.Debug|Any CPU.Build.0 = Debug|Any CPU
		{C637AF0F-4A48-4280-BAB6-BC62E6158AB6}.Debug|x64.ActiveCfg = Debug|Any CPU
		{C637AF0F-4A48-4280-BAB6-BC62E6158AB6}.Debug|x64.Build.0 = Debug|Any CPU
		{C637AF0F-4A48-4280-BAB6-BC62E6158AB6}.Debug|x86.ActiveCfg = Debug|Any CPU
		{C637AF0F-4A48-4280-BAB6-BC62E6158AB6}.Debug|x86.Build.0 = Debug|Any CPU
		{C637AF0F-4A48-4280-BAB6-BC62E6158AB6}.Release|Any CPU.ActiveCfg = Release|Any CPU
		{C637AF0F-4A48-4280-BAB6-BC62E6158AB6}.Release|Any CPU.Build.0 = Release|Any CPU
		{C637AF0F-4A48-4280-BAB6-BC62E6158AB6}.Release|x64.ActiveCfg = Release|Any CPU
		{C637AF0F-4A48-4280-BAB6-BC62E6158AB6}.Release|x64.Build.0 = Release|Any CPU
		{C637AF0F-4A48-4280-BAB6-BC62E6158AB6}.Release|x86.ActiveCfg = Release|Any CPU
		{C637AF0F-4A48-4280-BAB6-BC62E6158AB6}.Release|x86.Build.0 = Release|Any CPU
		{5A4FBD87-44E5-46F1-B161-8ABF024F1DF7}.Debug|Any CPU.ActiveCfg = Debug|Any CPU
		{5A4FBD87-44E5-46F1-B161-8ABF024F1DF7}.Debug|Any CPU.Build.0 = Debug|Any CPU
		{5A4FBD87-44E5-46F1-B161-8ABF024F1DF7}.Debug|x64.ActiveCfg = Debug|Any CPU
		{5A4FBD87-44E5-46F1-B161-8ABF024F1DF7}.Debug|x64.Build.0 = Debug|Any CPU
		{5A4FBD87-44E5-46F1-B161-8ABF024F1DF7}.Debug|x86.ActiveCfg = Debug|Any CPU
		{5A4FBD87-44E5-46F1-B161-8ABF024F1DF7}.Debug|x86.Build.0 = Debug|Any CPU
		{5A4FBD87-44E5-46F1-B161-8ABF024F1DF7}.Release|Any CPU.ActiveCfg = Release|Any CPU
		{5A4FBD87-44E5-46F1-B161-8ABF024F1DF7}.Release|Any CPU.Build.0 = Release|Any CPU
		{5A4FBD87-44E5-46F1-B161-8ABF024F1DF7}.Release|x64.ActiveCfg = Release|Any CPU
		{5A4FBD87-44E5-46F1-B161-8ABF024F1DF7}.Release|x64.Build.0 = Release|Any CPU
		{5A4FBD87-44E5-46F1-B161-8ABF024F1DF7}.Release|x86.ActiveCfg = Release|Any CPU
		{5A4FBD87-44E5-46F1-B161-8ABF024F1DF7}.Release|x86.Build.0 = Release|Any CPU
	EndGlobalSection
	GlobalSection(SolutionProperties) = preSolution
		HideSolutionNode = FALSE
	EndGlobalSection
	GlobalSection(ExtensibilityGlobals) = postSolution
		SolutionGuid = {BCEE05A2-E348-4966-8686-C06489EE766E}
		VisualSVNWorkingCopyRoot = .
	EndGlobalSection
	GlobalSection(TeamFoundationVersionControl) = preSolution
		SccNumberOfProjects = 11
		SccEnterpriseProvider = {4CA58AB2-18FA-4F8D-95D4-32DDF27D184C}
		SccTeamFoundationServer = https://desarrollologytechmobile.visualstudio.com/
		SccLocalPath0 = .
		SccProjectUniqueName1 = ..\\..\\..\\..\\LibreriasClase\\CodigoFuente\\Base\\EncryptionClassLibrary\\EncryptionClassLibrary\\EncryptionClassLibrary.vbproj
		SccProjectName1 = ../../../../LibreriasClase/CodigoFuente/Base/EncryptionClassLibrary/EncryptionClassLibrary
		SccLocalPath1 = ..\\..\\..\\..\\LibreriasClase\\CodigoFuente\\Base\\EncryptionClassLibrary\\EncryptionClassLibrary
		SccProjectUniqueName2 = ..\\..\\..\\..\\LibreriasClase\\CodigoFuente\\Base\\LMMailSenderLibrary\\LMMailSenderLibrary\\LMMailSenderLibrary.vbproj
		SccProjectName2 = ../../../../LibreriasClase/CodigoFuente/Base/LMMailSenderLibrary/LMMailSenderLibrary
		SccLocalPath2 = ..\\..\\..\\..\\LibreriasClase\\CodigoFuente\\Base\\LMMailSenderLibrary\\LMMailSenderLibrary
		SccProjectUniqueName3 = ..\\..\\..\\..\\LibreriasClase\\CodigoFuente\\Base\\NotificacionEventos\\NotificacionEventos\\NotificacionEventos.vbproj
		SccProjectName3 = ../../../../LibreriasClase/CodigoFuente/Base/NotificacionEventos/NotificacionEventos
		SccLocalPath3 = ..\\..\\..\\..\\LibreriasClase\\CodigoFuente\\Base\\NotificacionEventos\\NotificacionEventos
		SccProjectUniqueName4 = NotusExpressBusinessLayer\\NotusExpressBusinessLayer.vbproj
		SccProjectName4 = NotusExpressBusinessLayer
		SccLocalPath4 = NotusExpressBusinessLayer
		SccProjectUniqueName5 = NotusExpressWebMovil\\NotusExpressWebMobile.vbproj
		SccProjectName5 = NotusExpressWebMovil
		SccLocalPath5 = NotusExpressWebMovil
		SccProjectUniqueName6 = ..\\..\\..\\..\\LoginLM\\CodigoFuente\\Base\\LoginLM\\LMDataAccesLogin\\LMDataAccesLogin.vbproj
		SccProjectName6 = ../../../../LoginLM/CodigoFuente/Base/LoginLM/LMDataAccesLogin
		SccLocalPath6 = ..\\..\\..\\..\\LoginLM\\CodigoFuente\\Base\\LoginLM\\LMDataAccesLogin
		SccProjectUniqueName7 = ..\\..\\..\\..\\LoginLM\\CodigoFuente\\Base\\LoginLM\\LoginLm.Datos\\LoginLm.Datos.vbproj
		SccProjectName7 = ../../../../LoginLM/CodigoFuente/Base/LoginLM/LoginLm.Datos
		SccLocalPath7 = ..\\..\\..\\..\\LoginLM\\CodigoFuente\\Base\\LoginLM\\LoginLm.Datos
		SccProjectUniqueName8 = ..\\..\\..\\..\\LoginLM\\CodigoFuente\\Base\\LoginLM\\LoginLmBusinessLayer\\LoginLm.BusinessLayer.vbproj
		SccProjectName8 = ../../../../LoginLM/CodigoFuente/Base/LoginLM/LoginLmBusinessLayer
		SccLocalPath8 = ..\\..\\..\\..\\LoginLM\\CodigoFuente\\Base\\LoginLM\\LoginLmBusinessLayer
		SccProjectUniqueName9 = ..\\..\\..\\..\\LibreriasClase\\CodigoFuente\\Base\\LMDataAccessLayer\\LMDataAccessLayer.vbproj
		SccProjectName9 = ../../../../LibreriasClase/CodigoFuente/Base/LMDataAccessLayer
		SccLocalPath9 = ..\\..\\..\\..\\LibreriasClase\\CodigoFuente\\Base\\LMDataAccessLayer
		SccProjectUniqueName10 = NotusExpress\\NotusExpressDavivienda.vbproj
		SccProjectName10 = NotusExpress
		SccLocalPath10 = NotusExpress
	EndGlobalSection
EndGlobal
